
Microsoft Visual Studio Solution File, Format Version 12.00
# Visual Studio Version 16
VisualStudioVersion = 16.0.30011.22
MinimumVisualStudioVersion = 10.0.40219.1
Project("{FAE04EC0-301F-11D3-BF4B-00C04F79EFBC}") = "PSI18H_M16_2218025_FabioRamos", "PSI18H_M16_2218025_FabioRamos.csproj", "{817DBD29-D777-4959-AB1F-12649B239545}"
EndProject
Global
	GlobalSection(SolutionConfigurationPlatforms) = preSolution
		Debug|Any CPU = Debug|Any CPU
		Release|Any CPU = Release|Any CPU
	EndGlobalSection
	GlobalSection(ProjectConfigurationPlatforms) = postSolution
		{817DBD29-D777-4959-AB1F-12649B239545}.Debug|Any CPU.ActiveCfg = Debug|Any CPU
		{817DBD29-D777-4959-AB1F-12649B239545}.Debug|Any CPU.Build.0 = Debug|Any CPU
		{817DBD29-D777-4959-AB1F-12649B239545}.Release|Any CPU.ActiveCfg = Release|Any CPU
		{817DBD29-D777-4959-AB1F-12649B239545}.Release|Any CPU.Build.0 = Release|Any CPU
	EndGlobalSection
	GlobalSection(SolutionProperties) = preSolution
		HideSolutionNode = FALSE
	EndGlobalSection
	GlobalSection(ExtensibilityGlobals) = postSolution
		SolutionGuid = {FB5B6A7F-4E88-496D-9AA5-D8E3693399A6}
	EndGlobalSection
EndGlobal
